
Microsoft Visual Studio Solution File, Format Version 12.00
# Visual Studio Version 16
VisualStudioVersion = 16.0.30717.126
MinimumVisualStudioVersion = 10.0.40219.1
Project("{FAE04EC0-301F-11D3-BF4B-00C04F79EFBC}") = "Bot Discord", "Bot Discord\Bot Discord.csproj", "{2969E052-F117-4A18-A033-05B0F636718E}"
EndProject
Global
	GlobalSection(SolutionConfigurationPlatforms) = preSolution
		Debug|Any CPU = Debug|Any CPU
		Debug|x64 = Debug|x64
		Release|Any CPU = Release|Any CPU
		Release|x64 = Release|x64
	EndGlobalSection
	GlobalSection(ProjectConfigurationPlatforms) = postSolution
		{2969E052-F117-4A18-A033-05B0F636718E}.Debug|Any CPU.ActiveCfg = Debug|Any CPU
		{2969E052-F117-4A18-A033-05B0F636718E}.Debug|Any CPU.Build.0 = Debug|Any CPU
		{2969E052-F117-4A18-A033-05B0F636718E}.Debug|x64.ActiveCfg = Debug|x64
		{2969E052-F117-4A18-A033-05B0F636718E}.Debug|x64.Build.0 = Debug|x64
		{2969E052-F117-4A18-A033-05B0F636718E}.Release|Any CPU.ActiveCfg = Release|Any CPU
		{2969E052-F117-4A18-A033-05B0F636718E}.Release|Any CPU.Build.0 = Release|Any CPU
		{2969E052-F117-4A18-A033-05B0F636718E}.Release|x64.ActiveCfg = Release|x64
		{2969E052-F117-4A18-A033-05B0F636718E}.Release|x64.Build.0 = Release|x64
	EndGlobalSection
	GlobalSection(SolutionProperties) = preSolution
		HideSolutionNode = FALSE
	EndGlobalSection
	GlobalSection(ExtensibilityGlobals) = postSolution
		SolutionGuid = {7C4B413C-5755-4FB5-86CC-4FB1DA364790}
	EndGlobalSection
EndGlobal
